// !$*UTF8*$!
{
	archiveVersion = 1;
	classes = {
	};
	objectVersion = 56;
	objects = {

/* Begin PBXBuildFile section */
		E4C9531B29BAF2E700B1D912 /* PLWD_CaregiverApp.swift in Sources */ = {isa = PBXBuildFile; fileRef = E4C9531A29BAF2E700B1D912 /* PLWD_CaregiverApp.swift */; };
		E4C9531F29BAF2E800B1D912 /* Assets.xcassets in Resources */ = {isa = PBXBuildFile; fileRef = E4C9531E29BAF2E800B1D912 /* Assets.xcassets */; };
		E4C9532229BAF2E800B1D912 /* Preview Assets.xcassets in Resources */ = {isa = PBXBuildFile; fileRef = E4C9532129BAF2E800B1D912 /* Preview Assets.xcassets */; };
		E4C9532A29BAF3CC00B1D912 /* FirebaseAuth in Frameworks */ = {isa = PBXBuildFile; productRef = E4C9532929BAF3CC00B1D912 /* FirebaseAuth */; };
		E4C9532C29BAF3CC00B1D912 /* FirebaseDatabase in Frameworks */ = {isa = PBXBuildFile; productRef = E4C9532B29BAF3CC00B1D912 /* FirebaseDatabase */; };
		E4C9532E29BAF3CC00B1D912 /* FirebaseFirestore in Frameworks */ = {isa = PBXBuildFile; productRef = E4C9532D29BAF3CC00B1D912 /* FirebaseFirestore */; };
		E4C9533029BAF41E00B1D912 /* GoogleService-Info.plist in Resources */ = {isa = PBXBuildFile; fileRef = E4C9532F29BAF41E00B1D912 /* GoogleService-Info.plist */; };
		E4C9533229BAF50B00B1D912 /* ContentView.swift in Sources */ = {isa = PBXBuildFile; fileRef = E4C9533129BAF50B00B1D912 /* ContentView.swift */; };
		E4C9533429BAF52400B1D912 /* createnewaccountUIView.swift in Sources */ = {isa = PBXBuildFile; fileRef = E4C9533329BAF52400B1D912 /* createnewaccountUIView.swift */; };
		E4C9533629BAF53A00B1D912 /* NavBarView.swift in Sources */ = {isa = PBXBuildFile; fileRef = E4C9533529BAF53A00B1D912 /* NavBarView.swift */; };
		E4C9533829BAF54F00B1D912 /* users.swift in Sources */ = {isa = PBXBuildFile; fileRef = E4C9533729BAF54F00B1D912 /* users.swift */; };
		E4C9533A29BAF57400B1D912 /* viewModel.swift in Sources */ = {isa = PBXBuildFile; fileRef = E4C9533929BAF57400B1D912 /* viewModel.swift */; };
		E4C9533C29BAF5B100B1D912 /* variables.swift in Sources */ = {isa = PBXBuildFile; fileRef = E4C9533B29BAF5B100B1D912 /* variables.swift */; };
		E4C9533E29BAF7A000B1D912 /* bluetoothView.swift in Sources */ = {isa = PBXBuildFile; fileRef = E4C9533D29BAF7A000B1D912 /* bluetoothView.swift */; };
		E4C9534129BAF9AB00B1D912 /* MapView.swift in Sources */ = {isa = PBXBuildFile; fileRef = E4C9534029BAF9AB00B1D912 /* MapView.swift */; };
		E4C9534329BAFB6C00B1D912 /* testView.swift in Sources */ = {isa = PBXBuildFile; fileRef = E4C9534229BAFB6C00B1D912 /* testView.swift */; };
		E4C9534C29BB0FCE00B1D912 /* mapController.swift in Sources */ = {isa = PBXBuildFile; fileRef = E4C9534429BB0FCD00B1D912 /* mapController.swift */; };
		E4C9534D29BB0FCE00B1D912 /* viewView.swift in Sources */ = {isa = PBXBuildFile; fileRef = E4C9534529BB0FCD00B1D912 /* viewView.swift */; };
		E4C9534E29BB0FCE00B1D912 /* action.swift in Sources */ = {isa = PBXBuildFile; fileRef = E4C9534629BB0FCE00B1D912 /* action.swift */; };
		E4C9534F29BB0FCE00B1D912 /* BusinessView.swift in Sources */ = {isa = PBXBuildFile; fileRef = E4C9534729BB0FCE00B1D912 /* BusinessView.swift */; };
		E4C9535029BB0FCE00B1D912 /* myProfileView.swift in Sources */ = {isa = PBXBuildFile; fileRef = E4C9534829BB0FCE00B1D912 /* myProfileView.swift */; };
		E4C9535129BB0FCE00B1D912 /* historyView.swift in Sources */ = {isa = PBXBuildFile; fileRef = E4C9534929BB0FCE00B1D912 /* historyView.swift */; };
		E4C9535229BB0FCE00B1D912 /* mapView.swift in Sources */ = {isa = PBXBuildFile; fileRef = E4C9534A29BB0FCE00B1D912 /* mapView.swift */; };
		E4C9535329BB0FCE00B1D912 /* Business.swift in Sources */ = {isa = PBXBuildFile; fileRef = E4C9534B29BB0FCE00B1D912 /* Business.swift */; };
/* End PBXBuildFile section */

/* Begin PBXFileReference section */
		E4C9531729BAF2E700B1D912 /* PLWD Caregiver.app */ = {isa = PBXFileReference; explicitFileType = wrapper.application; includeInIndex = 0; path = "PLWD Caregiver.app"; sourceTree = BUILT_PRODUCTS_DIR; };
		E4C9531A29BAF2E700B1D912 /* PLWD_CaregiverApp.swift */ = {isa = PBXFileReference; lastKnownFileType = sourcecode.swift; path = PLWD_CaregiverApp.swift; sourceTree = "<group>"; };
		E4C9531E29BAF2E800B1D912 /* Assets.xcassets */ = {isa = PBXFileReference; lastKnownFileType = folder.assetcatalog; path = Assets.xcassets; sourceTree = "<group>"; };
		E4C9532129BAF2E800B1D912 /* Preview Assets.xcassets */ = {isa = PBXFileReference; lastKnownFileType = folder.assetcatalog; path = "Preview Assets.xcassets"; sourceTree = "<group>"; };
		E4C9532F29BAF41E00B1D912 /* GoogleService-Info.plist */ = {isa = PBXFileReference; fileEncoding = 4; lastKnownFileType = text.plist.xml; path = "GoogleService-Info.plist"; sourceTree = "<group>"; };
		E4C9533129BAF50B00B1D912 /* ContentView.swift */ = {isa = PBXFileReference; fileEncoding = 4; lastKnownFileType = sourcecode.swift; path = ContentView.swift; sourceTree = "<group>"; };
		E4C9533329BAF52400B1D912 /* createnewaccountUIView.swift */ = {isa = PBXFileReference; fileEncoding = 4; lastKnownFileType = sourcecode.swift; path = createnewaccountUIView.swift; sourceTree = "<group>"; };
		E4C9533529BAF53A00B1D912 /* NavBarView.swift */ = {isa = PBXFileReference; fileEncoding = 4; lastKnownFileType = sourcecode.swift; path = NavBarView.swift; sourceTree = "<group>"; };
		E4C9533729BAF54F00B1D912 /* users.swift */ = {isa = PBXFileReference; fileEncoding = 4; lastKnownFileType = sourcecode.swift; path = users.swift; sourceTree = "<group>"; };
		E4C9533929BAF57400B1D912 /* viewModel.swift */ = {isa = PBXFileReference; fileEncoding = 4; lastKnownFileType = sourcecode.swift; path = viewModel.swift; sourceTree = "<group>"; };
		E4C9533B29BAF5B100B1D912 /* variables.swift */ = {isa = PBXFileReference; fileEncoding = 4; lastKnownFileType = sourcecode.swift; path = variables.swift; sourceTree = "<group>"; };
		E4C9533D29BAF7A000B1D912 /* bluetoothView.swift */ = {isa = PBXFileReference; lastKnownFileType = sourcecode.swift; path = bluetoothView.swift; sourceTree = "<group>"; };
		E4C9533F29BAF8F600B1D912 /* PLWD-Caregiver-Info.plist */ = {isa = PBXFileReference; lastKnownFileType = text.plist; path = "PLWD-Caregiver-Info.plist"; sourceTree = SOURCE_ROOT; };
		E4C9534029BAF9AB00B1D912 /* MapView.swift */ = {isa = PBXFileReference; lastKnownFileType = sourcecode.swift; path = MapView.swift; sourceTree = "<group>"; };
		E4C9534229BAFB6C00B1D912 /* testView.swift */ = {isa = PBXFileReference; lastKnownFileType = sourcecode.swift; path = testView.swift; sourceTree = "<group>"; };
		E4C9534429BB0FCD00B1D912 /* mapController.swift */ = {isa = PBXFileReference; fileEncoding = 4; lastKnownFileType = sourcecode.swift; path = mapController.swift; sourceTree = "<group>"; };
		E4C9534529BB0FCD00B1D912 /* viewView.swift */ = {isa = PBXFileReference; fileEncoding = 4; lastKnownFileType = sourcecode.swift; path = viewView.swift; sourceTree = "<group>"; };
		E4C9534629BB0FCE00B1D912 /* action.swift */ = {isa = PBXFileReference; fileEncoding = 4; lastKnownFileType = sourcecode.swift; path = action.swift; sourceTree = "<group>"; };
		E4C9534729BB0FCE00B1D912 /* BusinessView.swift */ = {isa = PBXFileReference; fileEncoding = 4; lastKnownFileType = sourcecode.swift; path = BusinessView.swift; sourceTree = "<group>"; };
		E4C9534829BB0FCE00B1D912 /* myProfileView.swift */ = {isa = PBXFileReference; fileEncoding = 4; lastKnownFileType = sourcecode.swift; path = myProfileView.swift; sourceTree = "<group>"; };
		E4C9534929BB0FCE00B1D912 /* historyView.swift */ = {isa = PBXFileReference; fileEncoding = 4; lastKnownFileType = sourcecode.swift; path = historyView.swift; sourceTree = "<group>"; };
		E4C9534A29BB0FCE00B1D912 /* mapView.swift */ = {isa = PBXFileReference; fileEncoding = 4; lastKnownFileType = sourcecode.swift; name = mapView.swift; path = ../../ProjectCS_4thYear/ProjectCS_4thYear/mapView.swift; sourceTree = "<group>"; };
		E4C9534B29BB0FCE00B1D912 /* Business.swift */ = {isa = PBXFileReference; fileEncoding = 4; lastKnownFileType = sourcecode.swift; path = Business.swift; sourceTree = "<group>"; };
/* End PBXFileReference section */

/* Begin PBXFrameworksBuildPhase section */
		E4C9531429BAF2E700B1D912 /* Frameworks */ = {
			isa = PBXFrameworksBuildPhase;
			buildActionMask = 2147483647;
			files = (
				E4C9532C29BAF3CC00B1D912 /* FirebaseDatabase in Frameworks */,
				E4C9532A29BAF3CC00B1D912 /* FirebaseAuth in Frameworks */,
				E4C9532E29BAF3CC00B1D912 /* FirebaseFirestore in Frameworks */,
			);
			runOnlyForDeploymentPostprocessing = 0;
		};
/* End PBXFrameworksBuildPhase section */

/* Begin PBXGroup section */
		E4C9530E29BAF2E700B1D912 = {
			isa = PBXGroup;
			children = (
				E4C9531929BAF2E700B1D912 /* PLWD Caregiver */,
				E4C9531829BAF2E700B1D912 /* Products */,
			);
			sourceTree = "<group>";
		};
		E4C9531829BAF2E700B1D912 /* Products */ = {
			isa = PBXGroup;
			children = (
				E4C9531729BAF2E700B1D912 /* PLWD Caregiver.app */,
			);
			name = Products;
			sourceTree = "<group>";
		};
		E4C9531929BAF2E700B1D912 /* PLWD Caregiver */ = {
			isa = PBXGroup;
			children = (
				E4C9533F29BAF8F600B1D912 /* PLWD-Caregiver-Info.plist */,
				E4C9532F29BAF41E00B1D912 /* GoogleService-Info.plist */,
				E4C9531A29BAF2E700B1D912 /* PLWD_CaregiverApp.swift */,
				E4C9533529BAF53A00B1D912 /* NavBarView.swift */,
				E4C9534029BAF9AB00B1D912 /* MapView.swift */,
				E4C9533129BAF50B00B1D912 /* ContentView.swift */,
				E4C9533D29BAF7A000B1D912 /* bluetoothView.swift */,
				E4C9533329BAF52400B1D912 /* createnewaccountUIView.swift */,
				E4C9533729BAF54F00B1D912 /* users.swift */,
				E4C9533929BAF57400B1D912 /* viewModel.swift */,
				E4C9533B29BAF5B100B1D912 /* variables.swift */,
				E4C9534229BAFB6C00B1D912 /* testView.swift */,
				E4C9534629BB0FCE00B1D912 /* action.swift */,
				E4C9534B29BB0FCE00B1D912 /* Business.swift */,
				E4C9534729BB0FCE00B1D912 /* BusinessView.swift */,
				E4C9534929BB0FCE00B1D912 /* historyView.swift */,
				E4C9534429BB0FCD00B1D912 /* mapController.swift */,
				E4C9534A29BB0FCE00B1D912 /* mapView.swift */,
				E4C9534829BB0FCE00B1D912 /* myProfileView.swift */,
				E4C9534529BB0FCD00B1D912 /* viewView.swift */,
				E4C9531E29BAF2E800B1D912 /* Assets.xcassets */,
				E4C9532029BAF2E800B1D912 /* Preview Content */,
			);
			path = "PLWD Caregiver";
			sourceTree = "<group>";
		};
		E4C9532029BAF2E800B1D912 /* Preview Content */ = {
			isa = PBXGroup;
			children = (
				E4C9532129BAF2E800B1D912 /* Preview Assets.xcassets */,
			);
			path = "Preview Content";
			sourceTree = "<group>";
		};
/* End PBXGroup section */

/* Begin PBXNativeTarget section */
		E4C9531629BAF2E700B1D912 /* PLWD Caregiver */ = {
			isa = PBXNativeTarget;
			buildConfigurationList = E4C9532529BAF2E800B1D912 /* Build configuration list for PBXNativeTarget "PLWD Caregiver" */;
			buildPhases = (
				E4C9531329BAF2E700B1D912 /* Sources */,
				E4C9531429BAF2E700B1D912 /* Frameworks */,
				E4C9531529BAF2E700B1D912 /* Resources */,
			);
			buildRules = (
			);
			dependencies = (
			);
			name = "PLWD Caregiver";
			packageProductDependencies = (
				E4C9532929BAF3CC00B1D912 /* FirebaseAuth */,
				E4C9532B29BAF3CC00B1D912 /* FirebaseDatabase */,
				E4C9532D29BAF3CC00B1D912 /* FirebaseFirestore */,
			);
			productName = "PLWD Caregiver";
			productReference = E4C9531729BAF2E700B1D912 /* PLWD Caregiver.app */;
			productType = "com.apple.product-type.application";
		};
/* End PBXNativeTarget section */

/* Begin PBXProject section */
		E4C9530F29BAF2E700B1D912 /* Project object */ = {
			isa = PBXProject;
			attributes = {
				BuildIndependentTargetsInParallel = 1;
				LastSwiftUpdateCheck = 1420;
				LastUpgradeCheck = 1420;
				TargetAttributes = {
					E4C9531629BAF2E700B1D912 = {
						CreatedOnToolsVersion = 14.2;
					};
				};
			};
			buildConfigurationList = E4C9531229BAF2E700B1D912 /* Build configuration list for PBXProject "PLWD Caregiver" */;
			compatibilityVersion = "Xcode 14.0";
			developmentRegion = en;
			hasScannedForEncodings = 0;
			knownRegions = (
				en,
				Base,
			);
			mainGroup = E4C9530E29BAF2E700B1D912;
			packageReferences = (
				E4C9532829BAF3CC00B1D912 /* XCRemoteSwiftPackageReference "firebase-ios-sdk" */,
			);
			productRefGroup = E4C9531829BAF2E700B1D912 /* Products */;
			projectDirPath = "";
			projectRoot = "";
			targets = (
				E4C9531629BAF2E700B1D912 /* PLWD Caregiver */,
			);
		};
/* End PBXProject section */

/* Begin PBXResourcesBuildPhase section */
		E4C9531529BAF2E700B1D912 /* Resources */ = {
			isa = PBXResourcesBuildPhase;
			buildActionMask = 2147483647;
			files = (
				E4C9532229BAF2E800B1D912 /* Preview Assets.xcassets in Resources */,
				E4C9531F29BAF2E800B1D912 /* Assets.xcassets in Resources */,
				E4C9533029BAF41E00B1D912 /* GoogleService-Info.plist in Resources */,
			);
			runOnlyForDeploymentPostprocessing = 0;
		};
/* End PBXResourcesBuildPhase section */

/* Begin PBXSourcesBuildPhase section */
		E4C9531329BAF2E700B1D912 /* Sources */ = {
			isa = PBXSourcesBuildPhase;
			buildActionMask = 2147483647;
			files = (
				E4C9534F29BB0FCE00B1D912 /* BusinessView.swift in Sources */,
				E4C9533629BAF53A00B1D912 /* NavBarView.swift in Sources */,
				E4C9535229BB0FCE00B1D912 /* mapView.swift in Sources */,
				E4C9534E29BB0FCE00B1D912 /* action.swift in Sources */,
				E4C9533829BAF54F00B1D912 /* users.swift in Sources */,
				E4C9533C29BAF5B100B1D912 /* variables.swift in Sources */,
				E4C9535029BB0FCE00B1D912 /* myProfileView.swift in Sources */,
				E4C9533429BAF52400B1D912 /* createnewaccountUIView.swift in Sources */,
				E4C9534C29BB0FCE00B1D912 /* mapController.swift in Sources */,
				E4C9533229BAF50B00B1D912 /* ContentView.swift in Sources */,
				E4C9535129BB0FCE00B1D912 /* historyView.swift in Sources */,
				E4C9533A29BAF57400B1D912 /* viewModel.swift in Sources */,
				E4C9534D29BB0FCE00B1D912 /* viewView.swift in Sources */,
				E4C9534329BAFB6C00B1D912 /* testView.swift in Sources */,
				E4C9531B29BAF2E700B1D912 /* PLWD_CaregiverApp.swift in Sources */,
				E4C9535329BB0FCE00B1D912 /* Business.swift in Sources */,
				E4C9534129BAF9AB00B1D912 /* MapView.swift in Sources */,
				E4C9533E29BAF7A000B1D912 /* bluetoothView.swift in Sources */,
			);
			runOnlyForDeploymentPostprocessing = 0;
		};
/* End PBXSourcesBuildPhase section */

/* Begin XCBuildConfiguration section */
		E4C9532329BAF2E800B1D912 /* Debug */ = {
			isa = XCBuildConfiguration;
			buildSettings = {
				ALWAYS_SEARCH_USER_PATHS = NO;
				CLANG_ANALYZER_NONNULL = YES;
				CLANG_ANALYZER_NUMBER_OBJECT_CONVERSION = YES_AGGRESSIVE;
				CLANG_CXX_LANGUAGE_STANDARD = "gnu++20";
				CLANG_ENABLE_MODULES = YES;
				CLANG_ENABLE_OBJC_ARC = YES;
				CLANG_ENABLE_OBJC_WEAK = YES;
				CLANG_WARN_BLOCK_CAPTURE_AUTORELEASING = YES;
				CLANG_WARN_BOOL_CONVERSION = YES;
				CLANG_WARN_COMMA = YES;
				CLANG_WARN_CONSTANT_CONVERSION = YES;
				CLANG_WARN_DEPRECATED_OBJC_IMPLEMENTATIONS = YES;
				CLANG_WARN_DIRECT_OBJC_ISA_USAGE = YES_ERROR;
				CLANG_WARN_DOCUMENTATION_COMMENTS = YES;
				CLANG_WARN_EMPTY_BODY = YES;
				CLANG_WARN_ENUM_CONVERSION = YES;
				CLANG_WARN_INFINITE_RECURSION = YES;
				CLANG_WARN_INT_CONVERSION = YES;
				CLANG_WARN_NON_LITERAL_NULL_CONVERSION = YES;
				CLANG_WARN_OBJC_IMPLICIT_RETAIN_SELF = YES;
				CLANG_WARN_OBJC_LITERAL_CONVERSION = YES;
				CLANG_WARN_OBJC_ROOT_CLASS = YES_ERROR;
				CLANG_WARN_QUOTED_INCLUDE_IN_FRAMEWORK_HEADER = YES;
				CLANG_WARN_RANGE_LOOP_ANALYSIS = YES;
				CLANG_WARN_STRICT_PROTOTYPES = YES;
				CLANG_WARN_SUSPICIOUS_MOVE = YES;
				CLANG_WARN_UNGUARDED_AVAILABILITY = YES_AGGRESSIVE;
				CLANG_WARN_UNREACHABLE_CODE = YES;
				CLANG_WARN__DUPLICATE_METHOD_MATCH = YES;
				COPY_PHASE_STRIP = NO;
				DEBUG_INFORMATION_FORMAT = dwarf;
				ENABLE_STRICT_OBJC_MSGSEND = YES;
				ENABLE_TESTABILITY = YES;
				GCC_C_LANGUAGE_STANDARD = gnu11;
				GCC_DYNAMIC_NO_PIC = NO;
				GCC_NO_COMMON_BLOCKS = YES;
				GCC_OPTIMIZATION_LEVEL = 0;
				GCC_PREPROCESSOR_DEFINITIONS = (
					"DEBUG=1",
					"$(inherited)",
				);
				GCC_WARN_64_TO_32_BIT_CONVERSION = YES;
				GCC_WARN_ABOUT_RETURN_TYPE = YES_ERROR;
				GCC_WARN_UNDECLARED_SELECTOR = YES;
				GCC_WARN_UNINITIALIZED_AUTOS = YES_AGGRESSIVE;
				GCC_WARN_UNUSED_FUNCTION = YES;
				GCC_WARN_UNUSED_VARIABLE = YES;
				IPHONEOS_DEPLOYMENT_TARGET = 16.2;
				MTL_ENABLE_DEBUG_INFO = INCLUDE_SOURCE;
				MTL_FAST_MATH = YES;
				ONLY_ACTIVE_ARCH = YES;
				SDKROOT = iphoneos;
				SWIFT_ACTIVE_COMPILATION_CONDITIONS = DEBUG;
				SWIFT_OPTIMIZATION_LEVEL = "-Onone";
			};
			name = Debug;
		};
		E4C9532429BAF2E800B1D912 /* Release */ = {
			isa = XCBuildConfiguration;
			buildSettings = {
				ALWAYS_SEARCH_USER_PATHS = NO;
				CLANG_ANALYZER_NONNULL = YES;
				CLANG_ANALYZER_NUMBER_OBJECT_CONVERSION = YES_AGGRESSIVE;
				CLANG_CXX_LANGUAGE_STANDARD = "gnu++20";
				CLANG_ENABLE_MODULES = YES;
				CLANG_ENABLE_OBJC_ARC = YES;
				CLANG_ENABLE_OBJC_WEAK = YES;
				CLANG_WARN_BLOCK_CAPTURE_AUTORELEASING = YES;
				CLANG_WARN_BOOL_CONVERSION = YES;
				CLANG_WARN_COMMA = YES;
				CLANG_WARN_CONSTANT_CONVERSION = YES;
				CLANG_WARN_DEPRECATED_OBJC_IMPLEMENTATIONS = YES;
				CLANG_WARN_DIRECT_OBJC_ISA_USAGE = YES_ERROR;
				CLANG_WARN_DOCUMENTATION_COMMENTS = YES;
				CLANG_WARN_EMPTY_BODY = YES;
				CLANG_WARN_ENUM_CONVERSION = YES;
				CLANG_WARN_INFINITE_RECURSION = YES;
				CLANG_WARN_INT_CONVERSION = YES;
				CLANG_WARN_NON_LITERAL_NULL_CONVERSION = YES;
				CLANG_WARN_OBJC_IMPLICIT_RETAIN_SELF = YES;
				CLANG_WARN_OBJC_LITERAL_CONVERSION = YES;
				CLANG_WARN_OBJC_ROOT_CLASS = YES_ERROR;
				CLANG_WARN_QUOTED_INCLUDE_IN_FRAMEWORK_HEADER = YES;
				CLANG_WARN_RANGE_LOOP_ANALYSIS = YES;
				CLANG_WARN_STRICT_PROTOTYPES = YES;
				CLANG_WARN_SUSPICIOUS_MOVE = YES;
				CLANG_WARN_UNGUARDED_AVAILABILITY = YES_AGGRESSIVE;
				CLANG_WARN_UNREACHABLE_CODE = YES;
				CLANG_WARN__DUPLICATE_METHOD_MATCH = YES;
				COPY_PHASE_STRIP = NO;
				DEBUG_INFORMATION_FORMAT = "dwarf-with-dsym";
				ENABLE_NS_ASSERTIONS = NO;
				ENABLE_STRICT_OBJC_MSGSEND = YES;
				GCC_C_LANGUAGE_STANDARD = gnu11;
				GCC_NO_COMMON_BLOCKS = YES;
				GCC_WARN_64_TO_32_BIT_CONVERSION = YES;
				GCC_WARN_ABOUT_RETURN_TYPE = YES_ERROR;
				GCC_WARN_UNDECLARED_SELECTOR = YES;
				GCC_WARN_UNINITIALIZED_AUTOS = YES_AGGRESSIVE;
				GCC_WARN_UNUSED_FUNCTION = YES;
				GCC_WARN_UNUSED_VARIABLE = YES;
				IPHONEOS_DEPLOYMENT_TARGET = 16.2;
				MTL_ENABLE_DEBUG_INFO = NO;
				MTL_FAST_MATH = YES;
				SDKROOT = iphoneos;
				SWIFT_COMPILATION_MODE = wholemodule;
				SWIFT_OPTIMIZATION_LEVEL = "-O";
				VALIDATE_PRODUCT = YES;
			};
			name = Release;
		};
		E4C9532629BAF2E800B1D912 /* Debug */ = {
			isa = XCBuildConfiguration;
			buildSettings = {
				ASSETCATALOG_COMPILER_APPICON_NAME = AppIcon;
				ASSETCATALOG_COMPILER_GLOBAL_ACCENT_COLOR_NAME = AccentColor;
				CODE_SIGN_STYLE = Automatic;
				CURRENT_PROJECT_VERSION = 1;
				DEVELOPMENT_ASSET_PATHS = "\"PLWD Caregiver/Preview Content\"";
				DEVELOPMENT_TEAM = L6UNLH3P6X;
				ENABLE_PREVIEWS = YES;
				GENERATE_INFOPLIST_FILE = YES;
				INFOPLIST_FILE = "PLWD-Caregiver-Info.plist";
				INFOPLIST_KEY_NSBluetoothAlwaysUsageDescription = "Please allow using bluetooth for discovering peripherals";
				INFOPLIST_KEY_NSBluetoothPeripheralUsageDescription = "Please allow using bluetooth for discovering peripherals";
				INFOPLIST_KEY_UIApplicationSceneManifest_Generation = YES;
				INFOPLIST_KEY_UIApplicationSupportsIndirectInputEvents = YES;
				INFOPLIST_KEY_UILaunchScreen_Generation = YES;
				INFOPLIST_KEY_UISupportedInterfaceOrientations_iPad = "UIInterfaceOrientationPortrait UIInterfaceOrientationPortraitUpsideDown UIInterfaceOrientationLandscapeLeft UIInterfaceOrientationLandscapeRight";
				INFOPLIST_KEY_UISupportedInterfaceOrientations_iPhone = "UIInterfaceOrientationPortrait UIInterfaceOrientationLandscapeLeft UIInterfaceOrientationLandscapeRight";
				LD_RUNPATH_SEARCH_PATHS = (
					"$(inherited)",
					"@executable_path/Frameworks",
				);
				MARKETING_VERSION = 1.0;
				PRODUCT_BUNDLE_IDENTIFIER = "com.freddysourial.PLWD-Caregiver";
				PRODUCT_NAME = "$(TARGET_NAME)";
				SWIFT_EMIT_LOC_STRINGS = YES;
				SWIFT_VERSION = 5.0;
				TARGETED_DEVICE_FAMILY = "1,2";
			};
			name = Debug;
		};
		E4C9532729BAF2E800B1D912 /* Release */ = {
			isa = XCBuildConfiguration;
			buildSettings = {
				ASSETCATALOG_COMPILER_APPICON_NAME = AppIcon;
				ASSETCATALOG_COMPILER_GLOBAL_ACCENT_COLOR_NAME = AccentColor;
				CODE_SIGN_STYLE = Automatic;
				CURRENT_PROJECT_VERSION = 1;
				DEVELOPMENT_ASSET_PATHS = "\"PLWD Caregiver/Preview Content\"";
				DEVELOPMENT_TEAM = L6UNLH3P6X;
				ENABLE_PREVIEWS = YES;
				GENERATE_INFOPLIST_FILE = YES;
				INFOPLIST_FILE = "PLWD-Caregiver-Info.plist";
				INFOPLIST_KEY_NSBluetoothAlwaysUsageDescription = "Please allow using bluetooth for discovering peripherals";
				INFOPLIST_KEY_NSBluetoothPeripheralUsageDescription = "Please allow using bluetooth for discovering peripherals";
				INFOPLIST_KEY_UIApplicationSceneManifest_Generation = YES;
				INFOPLIST_KEY_UIApplicationSupportsIndirectInputEvents = YES;
				INFOPLIST_KEY_UILaunchScreen_Generation = YES;
				INFOPLIST_KEY_UISupportedInterfaceOrientations_iPad = "UIInterfaceOrientationPortrait UIInterfaceOrientationPortraitUpsideDown UIInterfaceOrientationLandscapeLeft UIInterfaceOrientationLandscapeRight";
				INFOPLIST_KEY_UISupportedInterfaceOrientations_iPhone = "UIInterfaceOrientationPortrait UIInterfaceOrientationLandscapeLeft UIInterfaceOrientationLandscapeRight";
				LD_RUNPATH_SEARCH_PATHS = (
					"$(inherited)",
					"@executable_path/Frameworks",
				);
				MARKETING_VERSION = 1.0;
				PRODUCT_BUNDLE_IDENTIFIER = "com.freddysourial.PLWD-Caregiver";
				PRODUCT_NAME = "$(TARGET_NAME)";
				SWIFT_EMIT_LOC_STRINGS = YES;
				SWIFT_VERSION = 5.0;
				TARGETED_DEVICE_FAMILY = "1,2";
			};
			name = Release;
		};
/* End XCBuildConfiguration section */

/* Begin XCConfigurationList section */
		E4C9531229BAF2E700B1D912 /* Build configuration list for PBXProject "PLWD Caregiver" */ = {
			isa = XCConfigurationList;
			buildConfigurations = (
				E4C9532329BAF2E800B1D912 /* Debug */,
				E4C9532429BAF2E800B1D912 /* Release */,
			);
			defaultConfigurationIsVisible = 0;
			defaultConfigurationName = Release;
		};
		E4C9532529BAF2E800B1D912 /* Build configuration list for PBXNativeTarget "PLWD Caregiver" */ = {
			isa = XCConfigurationList;
			buildConfigurations = (
				E4C9532629BAF2E800B1D912 /* Debug */,
				E4C9532729BAF2E800B1D912 /* Release */,
			);
			defaultConfigurationIsVisible = 0;
			defaultConfigurationName = Release;
		};
/* End XCConfigurationList section */

/* Begin XCRemoteSwiftPackageReference section */
		E4C9532829BAF3CC00B1D912 /* XCRemoteSwiftPackageReference "firebase-ios-sdk" */ = {
			isa = XCRemoteSwiftPackageReference;
			repositoryURL = "https://github.com/firebase/firebase-ios-sdk.git";
			requirement = {
				branch = master;
				kind = branch;
			};
		};
/* End XCRemoteSwiftPackageReference section */

/* Begin XCSwiftPackageProductDependency section */
		E4C9532929BAF3CC00B1D912 /* FirebaseAuth */ = {
			isa = XCSwiftPackageProductDependency;
			package = E4C9532829BAF3CC00B1D912 /* XCRemoteSwiftPackageReference "firebase-ios-sdk" */;
			productName = FirebaseAuth;
		};
		E4C9532B29BAF3CC00B1D912 /* FirebaseDatabase */ = {
			isa = XCSwiftPackageProductDependency;
			package = E4C9532829BAF3CC00B1D912 /* XCRemoteSwiftPackageReference "firebase-ios-sdk" */;
			productName = FirebaseDatabase;
		};
		E4C9532D29BAF3CC00B1D912 /* FirebaseFirestore */ = {
			isa = XCSwiftPackageProductDependency;
			package = E4C9532829BAF3CC00B1D912 /* XCRemoteSwiftPackageReference "firebase-ios-sdk" */;
			productName = FirebaseFirestore;
		};
/* End XCSwiftPackageProductDependency section */
	};
	rootObject = E4C9530F29BAF2E700B1D912 /* Project object */;
}
